// !$*UTF8*$!
{
	archiveVersion = 1;
	classes = {
	};
	objectVersion = 56;
	objects = {

/* Begin PBXBuildFile section */
		7BA276662BFB8419003845A6 /* AppDelegate.swift in Sources */ = {isa = PBXBuildFile; fileRef = 7BA276652BFB8419003845A6 /* AppDelegate.swift */; };
		7BA276682BFB8419003845A6 /* SceneDelegate.swift in Sources */ = {isa = PBXBuildFile; fileRef = 7BA276672BFB8419003845A6 /* SceneDelegate.swift */; };
		7BA2766A2BFB8419003845A6 /* MainViewController.swift in Sources */ = {isa = PBXBuildFile; fileRef = 7BA276692BFB8419003845A6 /* MainViewController.swift */; };
		7BA2766D2BFB8419003845A6 /* Base in Resources */ = {isa = PBXBuildFile; fileRef = 7BA2766C2BFB8419003845A6 /* Base */; };
		7BA2766F2BFB841C003845A6 /* Assets.xcassets in Resources */ = {isa = PBXBuildFile; fileRef = 7BA2766E2BFB841C003845A6 /* Assets.xcassets */; };
		7BA276722BFB841C003845A6 /* Base in Resources */ = {isa = PBXBuildFile; fileRef = 7BA276712BFB841C003845A6 /* Base */; };
		7BA2767B2BFB843D003845A6 /* SocketIO in Frameworks */ = {isa = PBXBuildFile; productRef = 7BA2767A2BFB843D003845A6 /* SocketIO */; };
		7BA2767D2BFB89BC003845A6 /* Models.swift in Sources */ = {isa = PBXBuildFile; fileRef = 7BA2767C2BFB89BC003845A6 /* Models.swift */; };
		7BA276802BFB8EEA003845A6 /* View.swift in Sources */ = {isa = PBXBuildFile; fileRef = 7BA2767F2BFB8EEA003845A6 /* View.swift */; };
		7BA276822BFB8F24003845A6 /* MainPresenter.swift in Sources */ = {isa = PBXBuildFile; fileRef = 7BA276812BFB8F24003845A6 /* MainPresenter.swift */; };
/* End PBXBuildFile section */

/* Begin PBXFileReference section */
		7BA276622BFB8419003845A6 /* NewWebSocketApp.app */ = {isa = PBXFileReference; explicitFileType = wrapper.application; includeInIndex = 0; path = NewWebSocketApp.app; sourceTree = BUILT_PRODUCTS_DIR; };
		7BA276652BFB8419003845A6 /* AppDelegate.swift */ = {isa = PBXFileReference; lastKnownFileType = sourcecode.swift; path = AppDelegate.swift; sourceTree = "<group>"; };
		7BA276672BFB8419003845A6 /* SceneDelegate.swift */ = {isa = PBXFileReference; lastKnownFileType = sourcecode.swift; path = SceneDelegate.swift; sourceTree = "<group>"; };
		7BA276692BFB8419003845A6 /* MainViewController.swift */ = {isa = PBXFileReference; lastKnownFileType = sourcecode.swift; path = MainViewController.swift; sourceTree = "<group>"; };
		7BA2766C2BFB8419003845A6 /* Base */ = {isa = PBXFileReference; lastKnownFileType = file.storyboard; name = Base; path = Base.lproj/Main.storyboard; sourceTree = "<group>"; };
		7BA2766E2BFB841C003845A6 /* Assets.xcassets */ = {isa = PBXFileReference; lastKnownFileType = folder.assetcatalog; path = Assets.xcassets; sourceTree = "<group>"; };
		7BA276712BFB841C003845A6 /* Base */ = {isa = PBXFileReference; lastKnownFileType = file.storyboard; name = Base; path = Base.lproj/LaunchScreen.storyboard; sourceTree = "<group>"; };
		7BA276732BFB841C003845A6 /* Info.plist */ = {isa = PBXFileReference; lastKnownFileType = text.plist.xml; path = Info.plist; sourceTree = "<group>"; };
		7BA2767C2BFB89BC003845A6 /* Models.swift */ = {isa = PBXFileReference; lastKnownFileType = sourcecode.swift; path = Models.swift; sourceTree = "<group>"; };
		7BA2767F2BFB8EEA003845A6 /* View.swift */ = {isa = PBXFileReference; lastKnownFileType = sourcecode.swift; path = View.swift; sourceTree = "<group>"; };
		7BA276812BFB8F24003845A6 /* MainPresenter.swift */ = {isa = PBXFileReference; lastKnownFileType = sourcecode.swift; path = MainPresenter.swift; sourceTree = "<group>"; };
/* End PBXFileReference section */

/* Begin PBXFrameworksBuildPhase section */
		7BA2765F2BFB8419003845A6 /* Frameworks */ = {
			isa = PBXFrameworksBuildPhase;
			buildActionMask = 2147483647;
			files = (
				7BA2767B2BFB843D003845A6 /* SocketIO in Frameworks */,
			);
			runOnlyForDeploymentPostprocessing = 0;
		};
/* End PBXFrameworksBuildPhase section */

/* Begin PBXGroup section */
		7BA276592BFB8419003845A6 = {
			isa = PBXGroup;
			children = (
				7BA276642BFB8419003845A6 /* NewWebSocketApp */,
				7BA276632BFB8419003845A6 /* Products */,
			);
			sourceTree = "<group>";
		};
		7BA276632BFB8419003845A6 /* Products */ = {
			isa = PBXGroup;
			children = (
				7BA276622BFB8419003845A6 /* NewWebSocketApp.app */,
			);
			name = Products;
			sourceTree = "<group>";
		};
		7BA276642BFB8419003845A6 /* NewWebSocketApp */ = {
			isa = PBXGroup;
			children = (
				7BA276652BFB8419003845A6 /* AppDelegate.swift */,
				7BA276672BFB8419003845A6 /* SceneDelegate.swift */,
				7BA276832BFB90C5003845A6 /* View */,
				7BA276842BFB90CE003845A6 /* Presenter */,
				7BA276852BFB90D9003845A6 /* Model */,
				7BA2766B2BFB8419003845A6 /* Main.storyboard */,
				7BA2766E2BFB841C003845A6 /* Assets.xcassets */,
				7BA276702BFB841C003845A6 /* LaunchScreen.storyboard */,
				7BA276732BFB841C003845A6 /* Info.plist */,
			);
			path = NewWebSocketApp;
			sourceTree = "<group>";
		};
		7BA276832BFB90C5003845A6 /* View */ = {
			isa = PBXGroup;
			children = (
				7BA276692BFB8419003845A6 /* MainViewController.swift */,
				7BA2767F2BFB8EEA003845A6 /* View.swift */,
			);
			path = View;
			sourceTree = "<group>";
		};
		7BA276842BFB90CE003845A6 /* Presenter */ = {
			isa = PBXGroup;
			children = (
				7BA276812BFB8F24003845A6 /* MainPresenter.swift */,
			);
			path = Presenter;
			sourceTree = "<group>";
		};
		7BA276852BFB90D9003845A6 /* Model */ = {
			isa = PBXGroup;
			children = (
				7BA2767C2BFB89BC003845A6 /* Models.swift */,
			);
			path = Model;
			sourceTree = "<group>";
		};
/* End PBXGroup section */

/* Begin PBXNativeTarget section */
		7BA276612BFB8419003845A6 /* NewWebSocketApp */ = {
			isa = PBXNativeTarget;
			buildConfigurationList = 7BA276762BFB841C003845A6 /* Build configuration list for PBXNativeTarget "NewWebSocketApp" */;
			buildPhases = (
				7BA2765E2BFB8419003845A6 /* Sources */,
				7BA2765F2BFB8419003845A6 /* Frameworks */,
				7BA276602BFB8419003845A6 /* Resources */,
			);
			buildRules = (
			);
			dependencies = (
			);
			name = NewWebSocketApp;
			packageProductDependencies = (
				7BA2767A2BFB843D003845A6 /* SocketIO */,
			);
			productName = NewWebSocketApp;
			productReference = 7BA276622BFB8419003845A6 /* NewWebSocketApp.app */;
			productType = "com.apple.product-type.application";
		};
/* End PBXNativeTarget section */

/* Begin PBXProject section */
		7BA2765A2BFB8419003845A6 /* Project object */ = {
			isa = PBXProject;
			attributes = {
				BuildIndependentTargetsInParallel = 1;
				LastSwiftUpdateCheck = 1530;
				LastUpgradeCheck = 1530;
				TargetAttributes = {
					7BA276612BFB8419003845A6 = {
						CreatedOnToolsVersion = 15.3;
					};
				};
			};
			buildConfigurationList = 7BA2765D2BFB8419003845A6 /* Build configuration list for PBXProject "NewWebSocketApp" */;
			compatibilityVersion = "Xcode 14.0";
			developmentRegion = en;
			hasScannedForEncodings = 0;
			knownRegions = (
				en,
				Base,
			);
			mainGroup = 7BA276592BFB8419003845A6;
			packageReferences = (
				7BA276792BFB843D003845A6 /* XCRemoteSwiftPackageReference "socket" */,
			);
			productRefGroup = 7BA276632BFB8419003845A6 /* Products */;
			projectDirPath = "";
			projectRoot = "";
			targets = (
				7BA276612BFB8419003845A6 /* NewWebSocketApp */,
			);
		};
/* End PBXProject section */

/* Begin PBXResourcesBuildPhase section */
		7BA276602BFB8419003845A6 /* Resources */ = {
			isa = PBXResourcesBuildPhase;
			buildActionMask = 2147483647;
			files = (
				7BA2766F2BFB841C003845A6 /* Assets.xcassets in Resources */,
				7BA276722BFB841C003845A6 /* Base in Resources */,
				7BA2766D2BFB8419003845A6 /* Base in Resources */,
			);
			runOnlyForDeploymentPostprocessing = 0;
		};
/* End PBXResourcesBuildPhase section */

/* Begin PBXSourcesBuildPhase section */
		7BA2765E2BFB8419003845A6 /* Sources */ = {
			isa = PBXSourcesBuildPhase;
			buildActionMask = 2147483647;
			files = (
				7BA2766A2BFB8419003845A6 /* MainViewController.swift in Sources */,
				7BA276822BFB8F24003845A6 /* MainPresenter.swift in Sources */,
				7BA276662BFB8419003845A6 /* AppDelegate.swift in Sources */,
				7BA276802BFB8EEA003845A6 /* View.swift in Sources */,
				7BA276682BFB8419003845A6 /* SceneDelegate.swift in Sources */,
				7BA2767D2BFB89BC003845A6 /* Models.swift in Sources */,
			);
			runOnlyForDeploymentPostprocessing = 0;
		};
/* End PBXSourcesBuildPhase section */

/* Begin PBXVariantGroup section */
		7BA2766B2BFB8419003845A6 /* Main.storyboard */ = {
			isa = PBXVariantGroup;
			children = (
				7BA2766C2BFB8419003845A6 /* Base */,
			);
			name = Main.storyboard;
			sourceTree = "<group>";
		};
		7BA276702BFB841C003845A6 /* LaunchScreen.storyboard */ = {
			isa = PBXVariantGroup;
			children = (
				7BA276712BFB841C003845A6 /* Base */,
			);
			name = LaunchScreen.storyboard;
			sourceTree = "<group>";
		};
/* End PBXVariantGroup section */

/* Begin XCBuildConfiguration section */
		7BA276742BFB841C003845A6 /* Debug */ = {
			isa = XCBuildConfiguration;
			buildSettings = {
				ALWAYS_SEARCH_USER_PATHS = NO;
				ASSETCATALOG_COMPILER_GENERATE_SWIFT_ASSET_SYMBOL_EXTENSIONS = YES;
				CLANG_ANALYZER_NONNULL = YES;
				CLANG_ANALYZER_NUMBER_OBJECT_CONVERSION = YES_AGGRESSIVE;
				CLANG_CXX_LANGUAGE_STANDARD = "gnu++20";
				CLANG_ENABLE_MODULES = YES;
				CLANG_ENABLE_OBJC_ARC = YES;
				CLANG_ENABLE_OBJC_WEAK = YES;
				CLANG_WARN_BLOCK_CAPTURE_AUTORELEASING = YES;
				CLANG_WARN_BOOL_CONVERSION = YES;
				CLANG_WARN_COMMA = YES;
				CLANG_WARN_CONSTANT_CONVERSION = YES;
				CLANG_WARN_DEPRECATED_OBJC_IMPLEMENTATIONS = YES;
				CLANG_WARN_DIRECT_OBJC_ISA_USAGE = YES_ERROR;
				CLANG_WARN_DOCUMENTATION_COMMENTS = YES;
				CLANG_WARN_EMPTY_BODY = YES;
				CLANG_WARN_ENUM_CONVERSION = YES;
				CLANG_WARN_INFINITE_RECURSION = YES;
				CLANG_WARN_INT_CONVERSION = YES;
				CLANG_WARN_NON_LITERAL_NULL_CONVERSION = YES;
				CLANG_WARN_OBJC_IMPLICIT_RETAIN_SELF = YES;
				CLANG_WARN_OBJC_LITERAL_CONVERSION = YES;
				CLANG_WARN_OBJC_ROOT_CLASS = YES_ERROR;
				CLANG_WARN_QUOTED_INCLUDE_IN_FRAMEWORK_HEADER = YES;
				CLANG_WARN_RANGE_LOOP_ANALYSIS = YES;
				CLANG_WARN_STRICT_PROTOTYPES = YES;
				CLANG_WARN_SUSPICIOUS_MOVE = YES;
				CLANG_WARN_UNGUARDED_AVAILABILITY = YES_AGGRESSIVE;
				CLANG_WARN_UNREACHABLE_CODE = YES;
				CLANG_WARN__DUPLICATE_METHOD_MATCH = YES;
				COPY_PHASE_STRIP = NO;
				DEBUG_INFORMATION_FORMAT = dwarf;
				ENABLE_STRICT_OBJC_MSGSEND = YES;
				ENABLE_TESTABILITY = YES;
				ENABLE_USER_SCRIPT_SANDBOXING = YES;
				GCC_C_LANGUAGE_STANDARD = gnu17;
				GCC_DYNAMIC_NO_PIC = NO;
				GCC_NO_COMMON_BLOCKS = YES;
				GCC_OPTIMIZATION_LEVEL = 0;
				GCC_PREPROCESSOR_DEFINITIONS = (
					"DEBUG=1",
					"$(inherited)",
				);
				GCC_WARN_64_TO_32_BIT_CONVERSION = YES;
				GCC_WARN_ABOUT_RETURN_TYPE = YES_ERROR;
				GCC_WARN_UNDECLARED_SELECTOR = YES;
				GCC_WARN_UNINITIALIZED_AUTOS = YES_AGGRESSIVE;
				GCC_WARN_UNUSED_FUNCTION = YES;
				GCC_WARN_UNUSED_VARIABLE = YES;
				IPHONEOS_DEPLOYMENT_TARGET = 17.4;
				LOCALIZATION_PREFERS_STRING_CATALOGS = YES;
				MTL_ENABLE_DEBUG_INFO = INCLUDE_SOURCE;
				MTL_FAST_MATH = YES;
				ONLY_ACTIVE_ARCH = YES;
				SDKROOT = iphoneos;
				SWIFT_ACTIVE_COMPILATION_CONDITIONS = "DEBUG $(inherited)";
				SWIFT_OPTIMIZATION_LEVEL = "-Onone";
			};
			name = Debug;
		};
		7BA276752BFB841C003845A6 /* Release */ = {
			isa = XCBuildConfiguration;
			buildSettings = {
				ALWAYS_SEARCH_USER_PATHS = NO;
				ASSETCATALOG_COMPILER_GENERATE_SWIFT_ASSET_SYMBOL_EXTENSIONS = YES;
				CLANG_ANALYZER_NONNULL = YES;
				CLANG_ANALYZER_NUMBER_OBJECT_CONVERSION = YES_AGGRESSIVE;
				CLANG_CXX_LANGUAGE_STANDARD = "gnu++20";
				CLANG_ENABLE_MODULES = YES;
				CLANG_ENABLE_OBJC_ARC = YES;
				CLANG_ENABLE_OBJC_WEAK = YES;
				CLANG_WARN_BLOCK_CAPTURE_AUTORELEASING = YES;
				CLANG_WARN_BOOL_CONVERSION = YES;
				CLANG_WARN_COMMA = YES;
				CLANG_WARN_CONSTANT_CONVERSION = YES;
				CLANG_WARN_DEPRECATED_OBJC_IMPLEMENTATIONS = YES;
				CLANG_WARN_DIRECT_OBJC_ISA_USAGE = YES_ERROR;
				CLANG_WARN_DOCUMENTATION_COMMENTS = YES;
				CLANG_WARN_EMPTY_BODY = YES;
				CLANG_WARN_ENUM_CONVERSION = YES;
				CLANG_WARN_INFINITE_RECURSION = YES;
				CLANG_WARN_INT_CONVERSION = YES;
				CLANG_WARN_NON_LITERAL_NULL_CONVERSION = YES;
				CLANG_WARN_OBJC_IMPLICIT_RETAIN_SELF = YES;
				CLANG_WARN_OBJC_LITERAL_CONVERSION = YES;
				CLANG_WARN_OBJC_ROOT_CLASS = YES_ERROR;
				CLANG_WARN_QUOTED_INCLUDE_IN_FRAMEWORK_HEADER = YES;
				CLANG_WARN_RANGE_LOOP_ANALYSIS = YES;
				CLANG_WARN_STRICT_PROTOTYPES = YES;
				CLANG_WARN_SUSPICIOUS_MOVE = YES;
				CLANG_WARN_UNGUARDED_AVAILABILITY = YES_AGGRESSIVE;
				CLANG_WARN_UNREACHABLE_CODE = YES;
				CLANG_WARN__DUPLICATE_METHOD_MATCH = YES;
				COPY_PHASE_STRIP = NO;
				DEBUG_INFORMATION_FORMAT = "dwarf-with-dsym";
				ENABLE_NS_ASSERTIONS = NO;
				ENABLE_STRICT_OBJC_MSGSEND = YES;
				ENABLE_USER_SCRIPT_SANDBOXING = YES;
				GCC_C_LANGUAGE_STANDARD = gnu17;
				GCC_NO_COMMON_BLOCKS = YES;
				GCC_WARN_64_TO_32_BIT_CONVERSION = YES;
				GCC_WARN_ABOUT_RETURN_TYPE = YES_ERROR;
				GCC_WARN_UNDECLARED_SELECTOR = YES;
				GCC_WARN_UNINITIALIZED_AUTOS = YES_AGGRESSIVE;
				GCC_WARN_UNUSED_FUNCTION = YES;
				GCC_WARN_UNUSED_VARIABLE = YES;
				IPHONEOS_DEPLOYMENT_TARGET = 17.4;
				LOCALIZATION_PREFERS_STRING_CATALOGS = YES;
				MTL_ENABLE_DEBUG_INFO = NO;
				MTL_FAST_MATH = YES;
				SDKROOT = iphoneos;
				SWIFT_COMPILATION_MODE = wholemodule;
				VALIDATE_PRODUCT = YES;
			};
			name = Release;
		};
		7BA276772BFB841C003845A6 /* Debug */ = {
			isa = XCBuildConfiguration;
			buildSettings = {
				ASSETCATALOG_COMPILER_APPICON_NAME = AppIcon;
				ASSETCATALOG_COMPILER_GLOBAL_ACCENT_COLOR_NAME = AccentColor;
				CODE_SIGN_STYLE = Automatic;
				CURRENT_PROJECT_VERSION = 1;
				GENERATE_INFOPLIST_FILE = YES;
				INFOPLIST_FILE = NewWebSocketApp/Info.plist;
				INFOPLIST_KEY_UIApplicationSupportsIndirectInputEvents = YES;
				INFOPLIST_KEY_UILaunchStoryboardName = LaunchScreen;
				INFOPLIST_KEY_UIMainStoryboardFile = Main;
				INFOPLIST_KEY_UISupportedInterfaceOrientations_iPad = "UIInterfaceOrientationPortrait UIInterfaceOrientationPortraitUpsideDown UIInterfaceOrientationLandscapeLeft UIInterfaceOrientationLandscapeRight";
				INFOPLIST_KEY_UISupportedInterfaceOrientations_iPhone = "UIInterfaceOrientationPortrait UIInterfaceOrientationLandscapeLeft UIInterfaceOrientationLandscapeRight";
				LD_RUNPATH_SEARCH_PATHS = (
					"$(inherited)",
					"@executable_path/Frameworks",
				);
				MARKETING_VERSION = 1.0;
				PRODUCT_BUNDLE_IDENTIFIER = laowai.NewWebSocketApp;
				PRODUCT_NAME = "$(TARGET_NAME)";
				SWIFT_EMIT_LOC_STRINGS = YES;
				SWIFT_VERSION = 5.0;
				TARGETED_DEVICE_FAMILY = "1,2";
			};
			name = Debug;
		};
		7BA276782BFB841C003845A6 /* Release */ = {
			isa = XCBuildConfiguration;
			buildSettings = {
				ASSETCATALOG_COMPILER_APPICON_NAME = AppIcon;
				ASSETCATALOG_COMPILER_GLOBAL_ACCENT_COLOR_NAME = AccentColor;
				CODE_SIGN_STYLE = Automatic;
				CURRENT_PROJECT_VERSION = 1;
				GENERATE_INFOPLIST_FILE = YES;
				INFOPLIST_FILE = NewWebSocketApp/Info.plist;
				INFOPLIST_KEY_UIApplicationSupportsIndirectInputEvents = YES;
				INFOPLIST_KEY_UILaunchStoryboardName = LaunchScreen;
				INFOPLIST_KEY_UIMainStoryboardFile = Main;
				INFOPLIST_KEY_UISupportedInterfaceOrientations_iPad = "UIInterfaceOrientationPortrait UIInterfaceOrientationPortraitUpsideDown UIInterfaceOrientationLandscapeLeft UIInterfaceOrientationLandscapeRight";
				INFOPLIST_KEY_UISupportedInterfaceOrientations_iPhone = "UIInterfaceOrientationPortrait UIInterfaceOrientationLandscapeLeft UIInterfaceOrientationLandscapeRight";
				LD_RUNPATH_SEARCH_PATHS = (
					"$(inherited)",
					"@executable_path/Frameworks",
				);
				MARKETING_VERSION = 1.0;
				PRODUCT_BUNDLE_IDENTIFIER = laowai.NewWebSocketApp;
				PRODUCT_NAME = "$(TARGET_NAME)";
				SWIFT_EMIT_LOC_STRINGS = YES;
				SWIFT_VERSION = 5.0;
				TARGETED_DEVICE_FAMILY = "1,2";
			};
			name = Release;
		};
/* End XCBuildConfiguration section */

/* Begin XCConfigurationList section */
		7BA2765D2BFB8419003845A6 /* Build configuration list for PBXProject "NewWebSocketApp" */ = {
			isa = XCConfigurationList;
			buildConfigurations = (
				7BA276742BFB841C003845A6 /* Debug */,
				7BA276752BFB841C003845A6 /* Release */,
			);
			defaultConfigurationIsVisible = 0;
			defaultConfigurationName = Release;
		};
		7BA276762BFB841C003845A6 /* Build configuration list for PBXNativeTarget "NewWebSocketApp" */ = {
			isa = XCConfigurationList;
			buildConfigurations = (
				7BA276772BFB841C003845A6 /* Debug */,
				7BA276782BFB841C003845A6 /* Release */,
			);
			defaultConfigurationIsVisible = 0;
			defaultConfigurationName = Release;
		};
/* End XCConfigurationList section */

/* Begin XCRemoteSwiftPackageReference section */
		7BA276792BFB843D003845A6 /* XCRemoteSwiftPackageReference "socket" */ = {
			isa = XCRemoteSwiftPackageReference;
			repositoryURL = "https://github.com/socketio/socket.io-client-swift";
			requirement = {
				branch = master;
				kind = branch;
			};
		};
/* End XCRemoteSwiftPackageReference section */

/* Begin XCSwiftPackageProductDependency section */
		7BA2767A2BFB843D003845A6 /* SocketIO */ = {
			isa = XCSwiftPackageProductDependency;
			package = 7BA276792BFB843D003845A6 /* XCRemoteSwiftPackageReference "socket" */;
			productName = SocketIO;
		};
/* End XCSwiftPackageProductDependency section */
	};
	rootObject = 7BA2765A2BFB8419003845A6 /* Project object */;
}
